
Microsoft Visual Studio Solution File, Format Version 12.00
# Visual Studio Version 16
VisualStudioVersion = 16.0.29009.5
MinimumVisualStudioVersion = 10.0.40219.1
Project("{9A19103F-16F7-4668-BE54-9A1E7A4F7556}") = "QuickBuy.Dominio", "QuickBuy.Dominio\QuickBuy.Dominio.csproj", "{F1675CA0-BB9B-45B6-92FB-1C4517A624D5}"
EndProject
Project("{9A19103F-16F7-4668-BE54-9A1E7A4F7556}") = "QuickBuy.Repositorio", "QuickBuy.Repositorio\QuickBuy.Repositorio.csproj", "{15C01A6A-8531-4CE0-83A0-271954188BE8}"
EndProject
Project("{FAE04EC0-301F-11D3-BF4B-00C04F79EFBC}") = "QuickBuy.Web", "QuickBuy.Web\QuickBuy.Web.csproj", "{B9863ADD-BC16-4FFF-B0AA-6524BD094074}"
EndProject
Global
	GlobalSection(SolutionConfigurationPlatforms) = preSolution
		Debug|Any CPU = Debug|Any CPU
		Release|Any CPU = Release|Any CPU
	EndGlobalSection
	GlobalSection(ProjectConfigurationPlatforms) = postSolution
		{F1675CA0-BB9B-45B6-92FB-1C4517A624D5}.Debug|Any CPU.ActiveCfg = Debug|Any CPU
		{F1675CA0-BB9B-45B6-92FB-1C4517A624D5}.Debug|Any CPU.Build.0 = Debug|Any CPU
		{F1675CA0-BB9B-45B6-92FB-1C4517A624D5}.Release|Any CPU.ActiveCfg = Release|Any CPU
		{F1675CA0-BB9B-45B6-92FB-1C4517A624D5}.Release|Any CPU.Build.0 = Release|Any CPU
		{15C01A6A-8531-4CE0-83A0-271954188BE8}.Debug|Any CPU.ActiveCfg = Debug|Any CPU
		{15C01A6A-8531-4CE0-83A0-271954188BE8}.Debug|Any CPU.Build.0 = Debug|Any CPU
		{15C01A6A-8531-4CE0-83A0-271954188BE8}.Release|Any CPU.ActiveCfg = Release|Any CPU
		{15C01A6A-8531-4CE0-83A0-271954188BE8}.Release|Any CPU.Build.0 = Release|Any CPU
		{B9863ADD-BC16-4FFF-B0AA-6524BD094074}.Debug|Any CPU.ActiveCfg = Debug|Any CPU
		{B9863ADD-BC16-4FFF-B0AA-6524BD094074}.Debug|Any CPU.Build.0 = Debug|Any CPU
		{B9863ADD-BC16-4FFF-B0AA-6524BD094074}.Release|Any CPU.ActiveCfg = Release|Any CPU
		{B9863ADD-BC16-4FFF-B0AA-6524BD094074}.Release|Any CPU.Build.0 = Release|Any CPU
	EndGlobalSection
	GlobalSection(SolutionProperties) = preSolution
		HideSolutionNode = FALSE
	EndGlobalSection
	GlobalSection(ExtensibilityGlobals) = postSolution
		SolutionGuid = {AF0A7E44-D179-49CC-B1D9-ED2D2F8C759B}
	EndGlobalSection
EndGlobal
